// !$*UTF8*$!
{
	archiveVersion = 1;
	classes = {
	};
	objectVersion = 46;
	objects = {

/* Begin PBXBuildFile section */
		1D60589F0D05DD5A006BFB54 /* Foundation.framework in Frameworks */ = {isa = PBXBuildFile; fileRef = 1D30AB110D05D00D00671497 /* Foundation.framework */; };
		1DF5F4E00D08C38300B7A737 /* UIKit.framework in Frameworks */ = {isa = PBXBuildFile; fileRef = 1DF5F4DF0D08C38300B7A737 /* UIKit.framework */; };
		5BE141EE1CD8C33D0023BC9E /* QuartzCore.framework in Frameworks */ = {isa = PBXBuildFile; fileRef = 5BE141ED1CD8C33D0023BC9E /* QuartzCore.framework */; };
		D22F7D810F85241C00550BB3 /* MBProgressHUD.m in Sources */ = {isa = PBXBuildFile; fileRef = D22F7D800F85241C00550BB3 /* MBProgressHUD.m */; };
		D274948B1D3B74AA00ABEB66 /* Images.xcassets in Resources */ = {isa = PBXBuildFile; fileRef = D274948A1D3B74AA00ABEB66 /* Images.xcassets */; };
		D27F18451D3B5878009D7482 /* main.m in Sources */ = {isa = PBXBuildFile; fileRef = D27F18441D3B5878009D7482 /* main.m */; };
		D27F18481D3B5878009D7482 /* MBHudDemoTVAppDelegate.m in Sources */ = {isa = PBXBuildFile; fileRef = D27F18471D3B5878009D7482 /* MBHudDemoTVAppDelegate.m */; };
		D27F184B1D3B5878009D7482 /* MBHudDemoTVViewController.m in Sources */ = {isa = PBXBuildFile; fileRef = D27F184A1D3B5878009D7482 /* MBHudDemoTVViewController.m */; };
		D27F184E1D3B5878009D7482 /* Main.storyboard in Resources */ = {isa = PBXBuildFile; fileRef = D27F184C1D3B5878009D7482 /* Main.storyboard */; };
		D27F18551D3B5AAF009D7482 /* MBProgressHUD.m in Sources */ = {isa = PBXBuildFile; fileRef = D22F7D800F85241C00550BB3 /* MBProgressHUD.m */; };
		D27F185A1D3B5DFF009D7482 /* MBHudDemoAppDelegate.m in Sources */ = {isa = PBXBuildFile; fileRef = D27F18581D3B5DFF009D7482 /* MBHudDemoAppDelegate.m */; };
		D27F185B1D3B5DFF009D7482 /* MBHudDemoViewController.m in Sources */ = {isa = PBXBuildFile; fileRef = D27F18591D3B5DFF009D7482 /* MBHudDemoViewController.m */; };
		D27F185E1D3B5E0D009D7482 /* main.m in Sources */ = {isa = PBXBuildFile; fileRef = D27F185D1D3B5E0D009D7482 /* main.m */; };
		D27F18631D3B5E21009D7482 /* Launch.storyboard in Resources */ = {isa = PBXBuildFile; fileRef = D27F185F1D3B5E21009D7482 /* Launch.storyboard */; };
		D27F18641D3B5E21009D7482 /* Main.storyboard in Resources */ = {isa = PBXBuildFile; fileRef = D27F18611D3B5E21009D7482 /* Main.storyboard */; };
		D286A76D1518CA9F00E13FB8 /* CoreGraphics.framework in Frameworks */ = {isa = PBXBuildFile; fileRef = D286A76C1518CA9F00E13FB8 /* CoreGraphics.framework */; };
		D2B174121C5E3A3D00021915 /* HudTests.m in Sources */ = {isa = PBXBuildFile; fileRef = D2B174111C5E3A3D00021915 /* HudTests.m */; };
		D2EEB3811B55967200F59EC1 /* Images.xcassets in Resources */ = {isa = PBXBuildFile; fileRef = D2EEB3801B55967200F59EC1 /* Images.xcassets */; };
/* End PBXBuildFile section */

/* Begin PBXContainerItemProxy section */
		D2B174141C5E3A3D00021915 /* PBXContainerItemProxy */ = {
			isa = PBXContainerItemProxy;
			containerPortal = 29B97313FDCFA39411CA2CEA /* Project object */;
			proxyType = 1;
			remoteGlobalIDString = 1D6058900D05DD3D006BFB54;
			remoteInfo = HudDemo;
		};
/* End PBXContainerItemProxy section */

/* Begin PBXFileReference section */
		1D30AB110D05D00D00671497 /* Foundation.framework */ = {isa = PBXFileReference; lastKnownFileType = wrapper.framework; name = Foundation.framework; path = System/Library/Frameworks/Foundation.framework; sourceTree = SDKROOT; };
		1D6058910D05DD3D006BFB54 /* HudDemo.app */ = {isa = PBXFileReference; explicitFileType = wrapper.application; includeInIndex = 0; path = HudDemo.app; sourceTree = BUILT_PRODUCTS_DIR; };
		1DF5F4DF0D08C38300B7A737 /* UIKit.framework */ = {isa = PBXFileReference; lastKnownFileType = wrapper.framework; name = UIKit.framework; path = System/Library/Frameworks/UIKit.framework; sourceTree = SDKROOT; };
		5BE141ED1CD8C33D0023BC9E /* QuartzCore.framework */ = {isa = PBXFileReference; lastKnownFileType = wrapper.framework; name = QuartzCore.framework; path = System/Library/Frameworks/QuartzCore.framework; sourceTree = SDKROOT; };
		D22F7D7F0F85241C00550BB3 /* MBProgressHUD.h */ = {isa = PBXFileReference; fileEncoding = 4; lastKnownFileType = sourcecode.c.h; name = MBProgressHUD.h; path = ../MBProgressHUD.h; sourceTree = SOURCE_ROOT; };
		D22F7D800F85241C00550BB3 /* MBProgressHUD.m */ = {isa = PBXFileReference; fileEncoding = 4; lastKnownFileType = sourcecode.c.objc; name = MBProgressHUD.m; path = ../MBProgressHUD.m; sourceTree = "<group>"; };
		D274948A1D3B74AA00ABEB66 /* Images.xcassets */ = {isa = PBXFileReference; lastKnownFileType = folder.assetcatalog; path = Images.xcassets; sourceTree = "<group>"; };
		D27F18411D3B5878009D7482 /* HudDemoTV.app */ = {isa = PBXFileReference; explicitFileType = wrapper.application; includeInIndex = 0; path = HudDemoTV.app; sourceTree = BUILT_PRODUCTS_DIR; };
		D27F18441D3B5878009D7482 /* main.m */ = {isa = PBXFileReference; lastKnownFileType = sourcecode.c.objc; path = main.m; sourceTree = "<group>"; };
		D27F18461D3B5878009D7482 /* MBHudDemoTVAppDelegate.h */ = {isa = PBXFileReference; lastKnownFileType = sourcecode.c.h; path = MBHudDemoTVAppDelegate.h; sourceTree = "<group>"; };
		D27F18471D3B5878009D7482 /* MBHudDemoTVAppDelegate.m */ = {isa = PBXFileReference; lastKnownFileType = sourcecode.c.objc; path = MBHudDemoTVAppDelegate.m; sourceTree = "<group>"; };
		D27F18491D3B5878009D7482 /* MBHudDemoTVViewController.h */ = {isa = PBXFileReference; lastKnownFileType = sourcecode.c.h; path = MBHudDemoTVViewController.h; sourceTree = "<group>"; };
		D27F184A1D3B5878009D7482 /* MBHudDemoTVViewController.m */ = {isa = PBXFileReference; lastKnownFileType = sourcecode.c.objc; path = MBHudDemoTVViewController.m; sourceTree = "<group>"; };
		D27F184D1D3B5878009D7482 /* Base */ = {isa = PBXFileReference; lastKnownFileType = file.storyboard; name = Base; path = Base.lproj/Main.storyboard; sourceTree = "<group>"; };
		D27F18511D3B5878009D7482 /* Info.plist */ = {isa = PBXFileReference; lastKnownFileType = text.plist.xml; path = Info.plist; sourceTree = "<group>"; };
		D27F18561D3B5DFF009D7482 /* MBHudDemoAppDelegate.h */ = {isa = PBXFileReference; fileEncoding = 4; lastKnownFileType = sourcecode.c.h; name = MBHudDemoAppDelegate.h; path = HudDemo/MBHudDemoAppDelegate.h; sourceTree = SOURCE_ROOT; };
		D27F18571D3B5DFF009D7482 /* MBHudDemoViewController.h */ = {isa = PBXFileReference; fileEncoding = 4; lastKnownFileType = sourcecode.c.h; name = MBHudDemoViewController.h; path = HudDemo/MBHudDemoViewController.h; sourceTree = SOURCE_ROOT; };
		D27F18581D3B5DFF009D7482 /* MBHudDemoAppDelegate.m */ = {isa = PBXFileReference; fileEncoding = 4; lastKnownFileType = sourcecode.c.objc; name = MBHudDemoAppDelegate.m; path = HudDemo/MBHudDemoAppDelegate.m; sourceTree = SOURCE_ROOT; };
		D27F18591D3B5DFF009D7482 /* MBHudDemoViewController.m */ = {isa = PBXFileReference; fileEncoding = 4; lastKnownFileType = sourcecode.c.objc; name = MBHudDemoViewController.m; path = HudDemo/MBHudDemoViewController.m; sourceTree = SOURCE_ROOT; };
		D27F185C1D3B5E0D009D7482 /* HudDemo_Prefix.pch */ = {isa = PBXFileReference; fileEncoding = 4; lastKnownFileType = sourcecode.c.h; name = HudDemo_Prefix.pch; path = HudDemo/HudDemo_Prefix.pch; sourceTree = "<group>"; };
		D27F185D1D3B5E0D009D7482 /* main.m */ = {isa = PBXFileReference; fileEncoding = 4; lastKnownFileType = sourcecode.c.objc; name = main.m; path = HudDemo/main.m; sourceTree = "<group>"; };
		D27F18601D3B5E21009D7482 /* en */ = {isa = PBXFileReference; lastKnownFileType = file.storyboard; name = en; path = HudDemo/en.lproj/Launch.storyboard; sourceTree = "<group>"; };
		D27F18621D3B5E21009D7482 /* en */ = {isa = PBXFileReference; lastKnownFileType = file.storyboard; name = en; path = HudDemo/en.lproj/Main.storyboard; sourceTree = "<group>"; };
		D27F18651D3B5E2D009D7482 /* Info.plist */ = {isa = PBXFileReference; fileEncoding = 4; lastKnownFileType = text.plist.xml; name = Info.plist; path = HudDemo/Info.plist; sourceTree = "<group>"; };
		D286A76C1518CA9F00E13FB8 /* CoreGraphics.framework */ = {isa = PBXFileReference; lastKnownFileType = wrapper.framework; name = CoreGraphics.framework; path = System/Library/Frameworks/CoreGraphics.framework; sourceTree = SDKROOT; };
		D2B1740F1C5E3A3D00021915 /* HudTests.xctest */ = {isa = PBXFileReference; explicitFileType = wrapper.cfbundle; includeInIndex = 0; path = HudTests.xctest; sourceTree = BUILT_PRODUCTS_DIR; };
		D2B174111C5E3A3D00021915 /* HudTests.m */ = {isa = PBXFileReference; lastKnownFileType = sourcecode.c.objc; path = HudTests.m; sourceTree = "<group>"; };
		D2B174131C5E3A3D00021915 /* Info.plist */ = {isa = PBXFileReference; lastKnownFileType = text.plist.xml; path = Info.plist; sourceTree = "<group>"; };
		D2EEB3801B55967200F59EC1 /* Images.xcassets */ = {isa = PBXFileReference; lastKnownFileType = folder.assetcatalog; name = Images.xcassets; path = HudDemo/Images.xcassets; sourceTree = SOURCE_ROOT; };
/* End PBXFileReference section */

/* Begin PBXFrameworksBuildPhase section */
		1D60588F0D05DD3D006BFB54 /* Frameworks */ = {
			isa = PBXFrameworksBuildPhase;
			buildActionMask = 2147483647;
			files = (
				5BE141EE1CD8C33D0023BC9E /* QuartzCore.framework in Frameworks */,
				D286A76D1518CA9F00E13FB8 /* CoreGraphics.framework in Frameworks */,
				1D60589F0D05DD5A006BFB54 /* Foundation.framework in Frameworks */,
				1DF5F4E00D08C38300B7A737 /* UIKit.framework in Frameworks */,
			);
			runOnlyForDeploymentPostprocessing = 0;
		};
		D27F183E1D3B5878009D7482 /* Frameworks */ = {
			isa = PBXFrameworksBuildPhase;
			buildActionMask = 2147483647;
			files = (
			);
			runOnlyForDeploymentPostprocessing = 0;
		};
		D2B1740C1C5E3A3D00021915 /* Frameworks */ = {
			isa = PBXFrameworksBuildPhase;
			buildActionMask = 2147483647;
			files = (
			);
			runOnlyForDeploymentPostprocessing = 0;
		};
/* End PBXFrameworksBuildPhase section */

/* Begin PBXGroup section */
		080E96DDFE201D6D7F000001 /* HudDemo */ = {
			isa = PBXGroup;
			children = (
				D27F18561D3B5DFF009D7482 /* MBHudDemoAppDelegate.h */,
				D27F18571D3B5DFF009D7482 /* MBHudDemoViewController.h */,
				D27F18581D3B5DFF009D7482 /* MBHudDemoAppDelegate.m */,
				D27F18591D3B5DFF009D7482 /* MBHudDemoViewController.m */,
				29B97315FDCFA39411CA2CEA /* Other Sources */,
				29B97317FDCFA39411CA2CEA /* Resources */,
			);
			name = HudDemo;
			path = Classes;
			sourceTree = "<group>";
		};
		19C28FACFE9D520D11CA2CBB /* Products */ = {
			isa = PBXGroup;
			children = (
				1D6058910D05DD3D006BFB54 /* HudDemo.app */,
				D2B1740F1C5E3A3D00021915 /* HudTests.xctest */,
				D27F18411D3B5878009D7482 /* HudDemoTV.app */,
			);
			name = Products;
			sourceTree = "<group>";
		};
		29B97314FDCFA39411CA2CEA /* CustomTemplate */ = {
			isa = PBXGroup;
			children = (
				080E96DDFE201D6D7F000001 /* HudDemo */,
				D27F18421D3B5878009D7482 /* HudDemoTV */,
				D2B174101C5E3A3D00021915 /* HudTests */,
				D28CBB391A87A6B00052DCEC /* MBProgressHUD */,
				29B97323FDCFA39411CA2CEA /* Frameworks */,
				19C28FACFE9D520D11CA2CBB /* Products */,
			);
			name = CustomTemplate;
			sourceTree = "<group>";
		};
		29B97315FDCFA39411CA2CEA /* Other Sources */ = {
			isa = PBXGroup;
			children = (
				D27F185C1D3B5E0D009D7482 /* HudDemo_Prefix.pch */,
				D27F185D1D3B5E0D009D7482 /* main.m */,
			);
			name = "Other Sources";
			path = ..;
			sourceTree = "<group>";
		};
		29B97317FDCFA39411CA2CEA /* Resources */ = {
			isa = PBXGroup;
			children = (
				D27F18651D3B5E2D009D7482 /* Info.plist */,
				D277FDBF11FC880100304321 /* UI */,
				D2EEB3801B55967200F59EC1 /* Images.xcassets */,
			);
			name = Resources;
			path = ..;
			sourceTree = "<group>";
		};
		29B97323FDCFA39411CA2CEA /* Frameworks */ = {
			isa = PBXGroup;
			children = (
				5BE141ED1CD8C33D0023BC9E /* QuartzCore.framework */,
				D286A76C1518CA9F00E13FB8 /* CoreGraphics.framework */,
				1DF5F4DF0D08C38300B7A737 /* UIKit.framework */,
				1D30AB110D05D00D00671497 /* Foundation.framework */,
			);
			name = Frameworks;
			sourceTree = "<group>";
		};
		D277FDBF11FC880100304321 /* UI */ = {
			isa = PBXGroup;
			children = (
				D27F185F1D3B5E21009D7482 /* Launch.storyboard */,
				D27F18611D3B5E21009D7482 /* Main.storyboard */,
			);
			name = UI;
			sourceTree = "<group>";
		};
		D27F18421D3B5878009D7482 /* HudDemoTV */ = {
			isa = PBXGroup;
			children = (
				D27F18461D3B5878009D7482 /* MBHudDemoTVAppDelegate.h */,
				D27F18471D3B5878009D7482 /* MBHudDemoTVAppDelegate.m */,
				D27F18491D3B5878009D7482 /* MBHudDemoTVViewController.h */,
				D27F184A1D3B5878009D7482 /* MBHudDemoTVViewController.m */,
				D27F18431D3B5878009D7482 /* Other Sources */,
				D27F18671D3B5E43009D7482 /* Resources */,
			);
			path = HudDemoTV;
			sourceTree = "<group>";
		};
		D27F18431D3B5878009D7482 /* Other Sources */ = {
			isa = PBXGroup;
			children = (
				D27F18441D3B5878009D7482 /* main.m */,
			);
			name = "Other Sources";
			sourceTree = "<group>";
		};
		D27F18671D3B5E43009D7482 /* Resources */ = {
			isa = PBXGroup;
			children = (
				D27F184C1D3B5878009D7482 /* Main.storyboard */,
				D27F18511D3B5878009D7482 /* Info.plist */,
				D274948A1D3B74AA00ABEB66 /* Images.xcassets */,
			);
			name = Resources;
			sourceTree = "<group>";
		};
		D28CBB391A87A6B00052DCEC /* MBProgressHUD */ = {
			isa = PBXGroup;
			children = (
				D22F7D7F0F85241C00550BB3 /* MBProgressHUD.h */,
				D22F7D800F85241C00550BB3 /* MBProgressHUD.m */,
			);
			name = MBProgressHUD;
			sourceTree = "<group>";
		};
		D2B174101C5E3A3D00021915 /* HudTests */ = {
			isa = PBXGroup;
			children = (
				D2B174111C5E3A3D00021915 /* HudTests.m */,
				D2B174131C5E3A3D00021915 /* Info.plist */,
			);
			path = HudTests;
			sourceTree = "<group>";
		};
/* End PBXGroup section */

/* Begin PBXNativeTarget section */
		1D6058900D05DD3D006BFB54 /* HudDemo */ = {
			isa = PBXNativeTarget;
			buildConfigurationList = 1D6058960D05DD3E006BFB54 /* Build configuration list for PBXNativeTarget "HudDemo" */;
			buildPhases = (
				1D60588D0D05DD3D006BFB54 /* Resources */,
				1D60588E0D05DD3D006BFB54 /* Sources */,
				1D60588F0D05DD3D006BFB54 /* Frameworks */,
			);
			buildRules = (
			);
			dependencies = (
			);
			name = HudDemo;
			productName = HudDemo;
			productReference = 1D6058910D05DD3D006BFB54 /* HudDemo.app */;
			productType = "com.apple.product-type.application";
		};
		D27F18401D3B5878009D7482 /* HudDemoTV */ = {
			isa = PBXNativeTarget;
			buildConfigurationList = D27F18541D3B5878009D7482 /* Build configuration list for PBXNativeTarget "HudDemoTV" */;
			buildPhases = (
				D27F183D1D3B5878009D7482 /* Sources */,
				D27F183E1D3B5878009D7482 /* Frameworks */,
				D27F183F1D3B5878009D7482 /* Resources */,
			);
			buildRules = (
			);
			dependencies = (
			);
			name = HudDemoTV;
			productName = HudDemoTV;
			productReference = D27F18411D3B5878009D7482 /* HudDemoTV.app */;
			productType = "com.apple.product-type.application";
		};
		D2B1740E1C5E3A3D00021915 /* HudTests */ = {
			isa = PBXNativeTarget;
			buildConfigurationList = D2B174161C5E3A3D00021915 /* Build configuration list for PBXNativeTarget "HudTests" */;
			buildPhases = (
				D2B1740B1C5E3A3D00021915 /* Sources */,
				D2B1740C1C5E3A3D00021915 /* Frameworks */,
				D2B1740D1C5E3A3D00021915 /* Resources */,
			);
			buildRules = (
			);
			dependencies = (
				D2B174151C5E3A3D00021915 /* PBXTargetDependency */,
			);
			name = HudTests;
			productName = HudTests;
			productReference = D2B1740F1C5E3A3D00021915 /* HudTests.xctest */;
			productType = "com.apple.product-type.bundle.unit-test";
		};
/* End PBXNativeTarget section */

/* Begin PBXProject section */
		29B97313FDCFA39411CA2CEA /* Project object */ = {
			isa = PBXProject;
			attributes = {
				CLASSPREFIX = MB;
				LastUpgradeCheck = 0720;
				ORGANIZATIONNAME = "Matej Bukovinski";
				TargetAttributes = {
					D27F18401D3B5878009D7482 = {
						CreatedOnToolsVersion = 7.3.1;
					};
					D2B1740E1C5E3A3D00021915 = {
						CreatedOnToolsVersion = 7.2;
						TestTargetID = 1D6058900D05DD3D006BFB54;
					};
				};
			};
			buildConfigurationList = C01FCF4E08A954540054247B /* Build configuration list for PBXProject "HudDemo" */;
			compatibilityVersion = "Xcode 3.2";
			developmentRegion = English;
			hasScannedForEncodings = 1;
			knownRegions = (
				English,
				Japanese,
				French,
				German,
				en,
				Base,
			);
			mainGroup = 29B97314FDCFA39411CA2CEA /* CustomTemplate */;
			projectDirPath = "";
			projectRoot = "";
			targets = (
				1D6058900D05DD3D006BFB54 /* HudDemo */,
				D27F18401D3B5878009D7482 /* HudDemoTV */,
				D2B1740E1C5E3A3D00021915 /* HudTests */,
			);
		};
/* End PBXProject section */

/* Begin PBXResourcesBuildPhase section */
		1D60588D0D05DD3D006BFB54 /* Resources */ = {
			isa = PBXResourcesBuildPhase;
			buildActionMask = 2147483647;
			files = (
				D27F18641D3B5E21009D7482 /* Main.storyboard in Resources */,
				D2EEB3811B55967200F59EC1 /* Images.xcassets in Resources */,
				D27F18631D3B5E21009D7482 /* Launch.storyboard in Resources */,
			);
			runOnlyForDeploymentPostprocessing = 0;
		};
		D27F183F1D3B5878009D7482 /* Resources */ = {
			isa = PBXResourcesBuildPhase;
			buildActionMask = 2147483647;
			files = (
				D27F184E1D3B5878009D7482 /* Main.storyboard in Resources */,
				D274948B1D3B74AA00ABEB66 /* Images.xcassets in Resources */,
			);
			runOnlyForDeploymentPostprocessing = 0;
		};
		D2B1740D1C5E3A3D00021915 /* Resources */ = {
			isa = PBXResourcesBuildPhase;
			buildActionMask = 2147483647;
			files = (
			);
			runOnlyForDeploymentPostprocessing = 0;
		};
/* End PBXResourcesBuildPhase section */

/* Begin PBXSourcesBuildPhase section */
		1D60588E0D05DD3D006BFB54 /* Sources */ = {
			isa = PBXSourcesBuildPhase;
			buildActionMask = 2147483647;
			files = (
				D27F185B1D3B5DFF009D7482 /* MBHudDemoViewController.m in Sources */,
				D22F7D810F85241C00550BB3 /* MBProgressHUD.m in Sources */,
				D27F185E1D3B5E0D009D7482 /* main.m in Sources */,
				D27F185A1D3B5DFF009D7482 /* MBHudDemoAppDelegate.m in Sources */,
			);
			runOnlyForDeploymentPostprocessing = 0;
		};
		D27F183D1D3B5878009D7482 /* Sources */ = {
			isa = PBXSourcesBuildPhase;
			buildActionMask = 2147483647;
			files = (
				D27F184B1D3B5878009D7482 /* MBHudDemoTVViewController.m in Sources */,
				D27F18481D3B5878009D7482 /* MBHudDemoTVAppDelegate.m in Sources */,
				D27F18451D3B5878009D7482 /* main.m in Sources */,
				D27F18551D3B5AAF009D7482 /* MBProgressHUD.m in Sources */,
			);
			runOnlyForDeploymentPostprocessing = 0;
		};
		D2B1740B1C5E3A3D00021915 /* Sources */ = {
			isa = PBXSourcesBuildPhase;
			buildActionMask = 2147483647;
			files = (
				D2B174121C5E3A3D00021915 /* HudTests.m in Sources */,
			);
			runOnlyForDeploymentPostprocessing = 0;
		};
/* End PBXSourcesBuildPhase section */

/* Begin PBXTargetDependency section */
		D2B174151C5E3A3D00021915 /* PBXTargetDependency */ = {
			isa = PBXTargetDependency;
			target = 1D6058900D05DD3D006BFB54 /* HudDemo */;
			targetProxy = D2B174141C5E3A3D00021915 /* PBXContainerItemProxy */;
		};
/* End PBXTargetDependency section */

/* Begin PBXVariantGroup section */
		D27F184C1D3B5878009D7482 /* Main.storyboard */ = {
			isa = PBXVariantGroup;
			children = (
				D27F184D1D3B5878009D7482 /* Base */,
			);
			name = Main.storyboard;
			sourceTree = "<group>";
		};
		D27F185F1D3B5E21009D7482 /* Launch.storyboard */ = {
			isa = PBXVariantGroup;
			children = (
				D27F18601D3B5E21009D7482 /* en */,
			);
			name = Launch.storyboard;
			sourceTree = "<group>";
		};
		D27F18611D3B5E21009D7482 /* Main.storyboard */ = {
			isa = PBXVariantGroup;
			children = (
				D27F18621D3B5E21009D7482 /* en */,
			);
			name = Main.storyboard;
			sourceTree = "<group>";
		};
/* End PBXVariantGroup section */

/* Begin XCBuildConfiguration section */
		1D6058940D05DD3E006BFB54 /* Debug */ = {
			isa = XCBuildConfiguration;
			buildSettings = {
				ALWAYS_SEARCH_USER_PATHS = NO;
				ASSETCATALOG_COMPILER_APPICON_NAME = AppIcon;
				COPY_PHASE_STRIP = NO;
				GCC_DYNAMIC_NO_PIC = NO;
				GCC_OPTIMIZATION_LEVEL = 0;
				GCC_PRECOMPILE_PREFIX_HEADER = YES;
				GCC_PREFIX_HEADER = HudDemo/HudDemo_Prefix.pch;
				INFOPLIST_FILE = HudDemo/Info.plist;
				IPHONEOS_DEPLOYMENT_TARGET = 8.0;
				PRODUCT_BUNDLE_IDENTIFIER = "com.bukovinski.${PRODUCT_NAME:identifier}";
				PRODUCT_NAME = HudDemo;
				TARGETED_DEVICE_FAMILY = "1,2";
			};
			name = Debug;
		};
		1D6058950D05DD3E006BFB54 /* Release */ = {
			isa = XCBuildConfiguration;
			buildSettings = {
				ALWAYS_SEARCH_USER_PATHS = NO;
				ASSETCATALOG_COMPILER_APPICON_NAME = AppIcon;
				COPY_PHASE_STRIP = YES;
				GCC_PRECOMPILE_PREFIX_HEADER = YES;
				GCC_PREFIX_HEADER = HudDemo/HudDemo_Prefix.pch;
				INFOPLIST_FILE = HudDemo/Info.plist;
				IPHONEOS_DEPLOYMENT_TARGET = 8.0;
				PRODUCT_BUNDLE_IDENTIFIER = "com.bukovinski.${PRODUCT_NAME:identifier}";
				PRODUCT_NAME = HudDemo;
				SDKROOT = iphoneos;
				TARGETED_DEVICE_FAMILY = "1,2";
			};
			name = Release;
		};
		C01FCF4F08A954540054247B /* Debug */ = {
			isa = XCBuildConfiguration;
			buildSettings = {
				CLANG_ENABLE_OBJC_ARC = YES;
				CLANG_WARN_BOOL_CONVERSION = YES;
				CLANG_WARN_CONSTANT_CONVERSION = YES;
				CLANG_WARN_EMPTY_BODY = YES;
				CLANG_WARN_ENUM_CONVERSION = YES;
				CLANG_WARN_INT_CONVERSION = YES;
				CLANG_WARN_UNREACHABLE_CODE = YES;
				CLANG_WARN__DUPLICATE_METHOD_MATCH = YES;
				"CODE_SIGN_IDENTITY[sdk=iphoneos*]" = "iPhone Developer";
				ENABLE_STRICT_OBJC_MSGSEND = YES;
				ENABLE_TESTABILITY = YES;
				GCC_C_LANGUAGE_STANDARD = c99;
				GCC_NO_COMMON_BLOCKS = YES;
				GCC_VERSION = com.apple.compilers.llvm.clang.1_0;
				GCC_WARN_64_TO_32_BIT_CONVERSION = YES;
				GCC_WARN_ABOUT_RETURN_TYPE = YES;
				GCC_WARN_UNDECLARED_SELECTOR = YES;
				GCC_WARN_UNINITIALIZED_AUTOS = YES;
				GCC_WARN_UNUSED_FUNCTION = YES;
				GCC_WARN_UNUSED_VARIABLE = YES;
				IPHONEOS_DEPLOYMENT_TARGET = 5.0;
				ONLY_ACTIVE_ARCH = YES;
				SDKROOT = iphoneos;
			};
			name = Debug;
		};
		C01FCF5008A954540054247B /* Release */ = {
			isa = XCBuildConfiguration;
			buildSettings = {
				CLANG_ENABLE_OBJC_ARC = YES;
				CLANG_WARN_BOOL_CONVERSION = YES;
				CLANG_WARN_CONSTANT_CONVERSION = YES;
				CLANG_WARN_EMPTY_BODY = YES;
				CLANG_WARN_ENUM_CONVERSION = YES;
				CLANG_WARN_INT_CONVERSION = YES;
				CLANG_WARN_UNREACHABLE_CODE = YES;
				CLANG_WARN__DUPLICATE_METHOD_MATCH = YES;
				"CODE_SIGN_IDENTITY[sdk=iphoneos*]" = "iPhone Developer";
				ENABLE_STRICT_OBJC_MSGSEND = YES;
				GCC_C_LANGUAGE_STANDARD = c99;
				GCC_NO_COMMON_BLOCKS = YES;
				GCC_VERSION = com.apple.compilers.llvm.clang.1_0;
				GCC_WARN_64_TO_32_BIT_CONVERSION = YES;
				GCC_WARN_ABOUT_RETURN_TYPE = YES;
				GCC_WARN_UNDECLARED_SELECTOR = YES;
				GCC_WARN_UNINITIALIZED_AUTOS = YES;
				GCC_WARN_UNUSED_FUNCTION = YES;
				GCC_WARN_UNUSED_VARIABLE = YES;
				IPHONEOS_DEPLOYMENT_TARGET = 5.0;
				SDKROOT = iphoneos;
			};
			name = Release;
		};
		D27F18521D3B5878009D7482 /* Debug */ = {
			isa = XCBuildConfiguration;
			buildSettings = {
				ALWAYS_SEARCH_USER_PATHS = NO;
				CLANG_ANALYZER_NONNULL = YES;
				CLANG_CXX_LANGUAGE_STANDARD = "gnu++0x";
				CLANG_CXX_LIBRARY = "libc++";
				CLANG_ENABLE_MODULES = YES;
				CLANG_WARN_DIRECT_OBJC_ISA_USAGE = YES_ERROR;
				CLANG_WARN_OBJC_ROOT_CLASS = YES_ERROR;
				COPY_PHASE_STRIP = NO;
				DEBUG_INFORMATION_FORMAT = dwarf;
				GCC_C_LANGUAGE_STANDARD = gnu99;
				GCC_DYNAMIC_NO_PIC = NO;
				GCC_OPTIMIZATION_LEVEL = 0;
				GCC_PREPROCESSOR_DEFINITIONS = (
					"DEBUG=1",
					"$(inherited)",
				);
				GCC_WARN_ABOUT_RETURN_TYPE = YES_ERROR;
				GCC_WARN_UNINITIALIZED_AUTOS = YES_AGGRESSIVE;
				INFOPLIST_FILE = HudDemoTV/Info.plist;
				LD_RUNPATH_SEARCH_PATHS = "$(inherited) @executable_path/Frameworks";
				MTL_ENABLE_DEBUG_INFO = YES;
				PRODUCT_BUNDLE_IDENTIFIER = com.bukovinski.HudDemoTV;
				PRODUCT_NAME = "$(TARGET_NAME)";
				SDKROOT = appletvos;
				TARGETED_DEVICE_FAMILY = 3;
				TVOS_DEPLOYMENT_TARGET = 9.0;
			};
			name = Debug;
		};
		D27F18531D3B5878009D7482 /* Release */ = {
			isa = XCBuildConfiguration;
			buildSettings = {
				ALWAYS_SEARCH_USER_PATHS = NO;
				CLANG_ANALYZER_NONNULL = YES;
				CLANG_CXX_LANGUAGE_STANDARD = "gnu++0x";
				CLANG_CXX_LIBRARY = "libc++";
				CLANG_ENABLE_MODULES = YES;
				CLANG_WARN_DIRECT_OBJC_ISA_USAGE = YES_ERROR;
				CLANG_WARN_OBJC_ROOT_CLASS = YES_ERROR;
				COPY_PHASE_STRIP = NO;
				DEBUG_INFORMATION_FORMAT = "dwarf-with-dsym";
				ENABLE_NS_ASSERTIONS = NO;
				GCC_C_LANGUAGE_STANDARD = gnu99;
				GCC_WARN_ABOUT_RETURN_TYPE = YES_ERROR;
				GCC_WARN_UNINITIALIZED_AUTOS = YES_AGGRESSIVE;
				INFOPLIST_FILE = HudDemoTV/Info.plist;
				LD_RUNPATH_SEARCH_PATHS = "$(inherited) @executable_path/Frameworks";
				MTL_ENABLE_DEBUG_INFO = NO;
				PRODUCT_BUNDLE_IDENTIFIER = com.bukovinski.HudDemoTV;
				PRODUCT_NAME = "$(TARGET_NAME)";
				SDKROOT = appletvos;
				TARGETED_DEVICE_FAMILY = 3;
				TVOS_DEPLOYMENT_TARGET = 9.0;
				VALIDATE_PRODUCT = YES;
			};
			name = Release;
		};
		D2B174171C5E3A3D00021915 /* Debug */ = {
			isa = XCBuildConfiguration;
			buildSettings = {
				ALWAYS_SEARCH_USER_PATHS = NO;
				BUNDLE_LOADER = "$(TEST_HOST)";
				CLANG_CXX_LANGUAGE_STANDARD = "gnu++0x";
				CLANG_CXX_LIBRARY = "libc++";
				CLANG_ENABLE_MODULES = YES;
				CLANG_WARN_DIRECT_OBJC_ISA_USAGE = YES_ERROR;
				CLANG_WARN_OBJC_ROOT_CLASS = YES_ERROR;
				COPY_PHASE_STRIP = NO;
				DEBUG_INFORMATION_FORMAT = dwarf;
				GCC_C_LANGUAGE_STANDARD = gnu99;
				GCC_DYNAMIC_NO_PIC = NO;
				GCC_OPTIMIZATION_LEVEL = 0;
				GCC_PREPROCESSOR_DEFINITIONS = (
					"DEBUG=1",
					"$(inherited)",
				);
				GCC_WARN_ABOUT_RETURN_TYPE = YES_ERROR;
				GCC_WARN_UNINITIALIZED_AUTOS = YES_AGGRESSIVE;
				INFOPLIST_FILE = HudTests/Info.plist;
				IPHONEOS_DEPLOYMENT_TARGET = 9.2;
				LD_RUNPATH_SEARCH_PATHS = "$(inherited) @executable_path/Frameworks @loader_path/Frameworks";
				MTL_ENABLE_DEBUG_INFO = YES;
				PRODUCT_BUNDLE_IDENTIFIER = com.bukovinski.HudTests;
				PRODUCT_NAME = "$(TARGET_NAME)";
				TEST_HOST = "$(BUILT_PRODUCTS_DIR)/HudDemo.app/HudDemo";
			};
			name = Debug;
		};
		D2B174181C5E3A3D00021915 /* Release */ = {
			isa = XCBuildConfiguration;
			buildSettings = {
				ALWAYS_SEARCH_USER_PATHS = NO;
				BUNDLE_LOADER = "$(TEST_HOST)";
				CLANG_CXX_LANGUAGE_STANDARD = "gnu++0x";
				CLANG_CXX_LIBRARY = "libc++";
				CLANG_ENABLE_MODULES = YES;
				CLANG_WARN_DIRECT_OBJC_ISA_USAGE = YES_ERROR;
				CLANG_WARN_OBJC_ROOT_CLASS = YES_ERROR;
				COPY_PHASE_STRIP = NO;
				DEBUG_INFORMATION_FORMAT = "dwarf-with-dsym";
				ENABLE_NS_ASSERTIONS = NO;
				GCC_C_LANGUAGE_STANDARD = gnu99;
				GCC_WARN_ABOUT_RETURN_TYPE = YES_ERROR;
				GCC_WARN_UNINITIALIZED_AUTOS = YES_AGGRESSIVE;
				INFOPLIST_FILE = HudTests/Info.plist;
				IPHONEOS_DEPLOYMENT_TARGET = 9.2;
				LD_RUNPATH_SEARCH_PATHS = "$(inherited) @executable_path/Frameworks @loader_path/Frameworks";
				MTL_ENABLE_DEBUG_INFO = NO;
				PRODUCT_BUNDLE_IDENTIFIER = com.bukovinski.HudTests;
				PRODUCT_NAME = "$(TARGET_NAME)";
				TEST_HOST = "$(BUILT_PRODUCTS_DIR)/HudDemo.app/HudDemo";
				VALIDATE_PRODUCT = YES;
			};
			name = Release;
		};
/* End XCBuildConfiguration section */

/* Begin XCConfigurationList section */
		1D6058960D05DD3E006BFB54 /* Build configuration list for PBXNativeTarget "HudDemo" */ = {
			isa = XCConfigurationList;
			buildConfigurations = (
				1D6058940D05DD3E006BFB54 /* Debug */,
				1D6058950D05DD3E006BFB54 /* Release */,
			);
			defaultConfigurationIsVisible = 0;
			defaultConfigurationName = Release;
		};
		C01FCF4E08A954540054247B /* Build configuration list for PBXProject "HudDemo" */ = {
			isa = XCConfigurationList;
			buildConfigurations = (
				C01FCF4F08A954540054247B /* Debug */,
				C01FCF5008A954540054247B /* Release */,
			);
			defaultConfigurationIsVisible = 0;
			defaultConfigurationName = Release;
		};
		D27F18541D3B5878009D7482 /* Build configuration list for PBXNativeTarget "HudDemoTV" */ = {
			isa = XCConfigurationList;
			buildConfigurations = (
				D27F18521D3B5878009D7482 /* Debug */,
				D27F18531D3B5878009D7482 /* Release */,
			);
			defaultConfigurationIsVisible = 0;
			defaultConfigurationName = Release;
		};
		D2B174161C5E3A3D00021915 /* Build configuration list for PBXNativeTarget "HudTests" */ = {
			isa = XCConfigurationList;
			buildConfigurations = (
				D2B174171C5E3A3D00021915 /* Debug */,
				D2B174181C5E3A3D00021915 /* Release */,
			);
			defaultConfigurationIsVisible = 0;
			defaultConfigurationName = Release;
		};
/* End XCConfigurationList section */
	};
	rootObject = 29B97313FDCFA39411CA2CEA /* Project object */;
}
